
Microsoft Visual Studio Solution File, Format Version 12.00
# Visual Studio Version 17
VisualStudioVersion = 17.4.33403.182
MinimumVisualStudioVersion = 10.0.40219.1
Project("{2150E333-8FDC-42A3-9474-1A3956D46DE8}") = "1Presentation", "1Presentation", "{C07E5D57-A63B-48BB-86C2-0BE37D037E34}"
EndProject
Project("{2150E333-8FDC-42A3-9474-1A3956D46DE8}") = "2BusinessLogic", "2BusinessLogic", "{6CD9045C-886D-4643-9125-4443B919ED77}"
EndProject
Project("{2150E333-8FDC-42A3-9474-1A3956D46DE8}") = "3Persistence", "3Persistence", "{DC51C875-EEE9-49BC-8D22-11E394D60C4C}"
EndProject
Project("{9A19103F-16F7-4668-BE54-9A1E7A4F7556}") = "CredentialMangementConsoleApp", "..\CredentialMangementConsoleApp\CredentialMangementConsoleApp.csproj", "{71CF8898-D313-4A23-9548-DC3640B67FD3}"
EndProject
Project("{9A19103F-16F7-4668-BE54-9A1E7A4F7556}") = "CredentialManagementData", "..\CredentialManagementData\CredentialManagementData.csproj", "{A4C64D3C-57DE-4C46-BF46-33B52EA8ECD7}"
EndProject
Project("{9A19103F-16F7-4668-BE54-9A1E7A4F7556}") = "CredentialMangementModels", "..\CredentialMangementModels\CredentialMangementModels.csproj", "{C22C87C6-009C-407E-8869-CE456E2E43E3}"
EndProject
Project("{9A19103F-16F7-4668-BE54-9A1E7A4F7556}") = "CredentialMangamentServices", "..\CredentialMangamentPeristenceService\CredentialMangamentServices.csproj", "{2D6E08F3-955D-45EB-AD64-58878A95BFF8}"
EndProject
Project("{FAE04EC0-301F-11D3-BF4B-00C04F79EFBC}") = "Validators", "Validators\Validators.csproj", "{1FD15C5E-F0B4-40D7-A917-6E7A7766DED3}"
EndProject
Global
	GlobalSection(SolutionConfigurationPlatforms) = preSolution
		Debug|Any CPU = Debug|Any CPU
		Release|Any CPU = Release|Any CPU
	EndGlobalSection
	GlobalSection(ProjectConfigurationPlatforms) = postSolution
		{71CF8898-D313-4A23-9548-DC3640B67FD3}.Debug|Any CPU.ActiveCfg = Debug|Any CPU
		{71CF8898-D313-4A23-9548-DC3640B67FD3}.Debug|Any CPU.Build.0 = Debug|Any CPU
		{71CF8898-D313-4A23-9548-DC3640B67FD3}.Release|Any CPU.ActiveCfg = Release|Any CPU
		{71CF8898-D313-4A23-9548-DC3640B67FD3}.Release|Any CPU.Build.0 = Release|Any CPU
		{A4C64D3C-57DE-4C46-BF46-33B52EA8ECD7}.Debug|Any CPU.ActiveCfg = Debug|Any CPU
		{A4C64D3C-57DE-4C46-BF46-33B52EA8ECD7}.Debug|Any CPU.Build.0 = Debug|Any CPU
		{A4C64D3C-57DE-4C46-BF46-33B52EA8ECD7}.Release|Any CPU.ActiveCfg = Release|Any CPU
		{A4C64D3C-57DE-4C46-BF46-33B52EA8ECD7}.Release|Any CPU.Build.0 = Release|Any CPU
		{C22C87C6-009C-407E-8869-CE456E2E43E3}.Debug|Any CPU.ActiveCfg = Debug|Any CPU
		{C22C87C6-009C-407E-8869-CE456E2E43E3}.Debug|Any CPU.Build.0 = Debug|Any CPU
		{C22C87C6-009C-407E-8869-CE456E2E43E3}.Release|Any CPU.ActiveCfg = Release|Any CPU
		{C22C87C6-009C-407E-8869-CE456E2E43E3}.Release|Any CPU.Build.0 = Release|Any CPU
		{2D6E08F3-955D-45EB-AD64-58878A95BFF8}.Debug|Any CPU.ActiveCfg = Debug|Any CPU
		{2D6E08F3-955D-45EB-AD64-58878A95BFF8}.Debug|Any CPU.Build.0 = Debug|Any CPU
		{2D6E08F3-955D-45EB-AD64-58878A95BFF8}.Release|Any CPU.ActiveCfg = Release|Any CPU
		{2D6E08F3-955D-45EB-AD64-58878A95BFF8}.Release|Any CPU.Build.0 = Release|Any CPU
		{1FD15C5E-F0B4-40D7-A917-6E7A7766DED3}.Debug|Any CPU.ActiveCfg = Debug|Any CPU
		{1FD15C5E-F0B4-40D7-A917-6E7A7766DED3}.Debug|Any CPU.Build.0 = Debug|Any CPU
		{1FD15C5E-F0B4-40D7-A917-6E7A7766DED3}.Release|Any CPU.ActiveCfg = Release|Any CPU
		{1FD15C5E-F0B4-40D7-A917-6E7A7766DED3}.Release|Any CPU.Build.0 = Release|Any CPU
	EndGlobalSection
	GlobalSection(SolutionProperties) = preSolution
		HideSolutionNode = FALSE
	EndGlobalSection
	GlobalSection(NestedProjects) = preSolution
		{71CF8898-D313-4A23-9548-DC3640B67FD3} = {C07E5D57-A63B-48BB-86C2-0BE37D037E34}
		{A4C64D3C-57DE-4C46-BF46-33B52EA8ECD7} = {DC51C875-EEE9-49BC-8D22-11E394D60C4C}
		{C22C87C6-009C-407E-8869-CE456E2E43E3} = {6CD9045C-886D-4643-9125-4443B919ED77}
		{2D6E08F3-955D-45EB-AD64-58878A95BFF8} = {6CD9045C-886D-4643-9125-4443B919ED77}
		{1FD15C5E-F0B4-40D7-A917-6E7A7766DED3} = {6CD9045C-886D-4643-9125-4443B919ED77}
	EndGlobalSection
	GlobalSection(ExtensibilityGlobals) = postSolution
		SolutionGuid = {42D2DA01-1CA6-4D41-BA18-4CE23393CE04}
	EndGlobalSection
EndGlobal
